
Microsoft Visual Studio Solution File, Format Version 12.00
# Visual Studio Version 17
VisualStudioVersion = 17.1.32210.238
MinimumVisualStudioVersion = 10.0.40219.1
Project("{FAE04EC0-301F-11D3-BF4B-00C04F79EFBC}") = "Examen Simulacion", "Examen Simulacion\Examen Simulacion.csproj", "{8DCE41A9-D21D-4C0B-A6A0-528554663F6F}"
EndProject
Global
	GlobalSection(SolutionConfigurationPlatforms) = preSolution
		Debug|Any CPU = Debug|Any CPU
		Release|Any CPU = Release|Any CPU
	EndGlobalSection
	GlobalSection(ProjectConfigurationPlatforms) = postSolution
		{8DCE41A9-D21D-4C0B-A6A0-528554663F6F}.Debug|Any CPU.ActiveCfg = Debug|Any CPU
		{8DCE41A9-D21D-4C0B-A6A0-528554663F6F}.Debug|Any CPU.Build.0 = Debug|Any CPU
		{8DCE41A9-D21D-4C0B-A6A0-528554663F6F}.Release|Any CPU.ActiveCfg = Release|Any CPU
		{8DCE41A9-D21D-4C0B-A6A0-528554663F6F}.Release|Any CPU.Build.0 = Release|Any CPU
	EndGlobalSection
	GlobalSection(SolutionProperties) = preSolution
		HideSolutionNode = FALSE
	EndGlobalSection
	GlobalSection(ExtensibilityGlobals) = postSolution
		SolutionGuid = {EEBCE59A-F637-4AD1-AEDC-949A16F4D026}
	EndGlobalSection
EndGlobal
